Microsoft Visual Studio Solution File, Format Version 12.00
# Visual Studio Version 18
VisualStudioVersion = 18.10.12210.168
MinimumVisualStudioVersion = 10.0.40219.1
Project("{8BC9CEB8-8B4A-11D0-8D11-00A0C91BC942}") = "helper_bot", "helper_bot.vcxproj", "{C2A1F4B5-6D7E-4A8B-9C0D-1E2F3A4B5C6D}"
EndProject
Global
	GlobalSection(SolutionConfigurationPlatforms) = preSolution
		Debug|x64 = Debug|x64
		Release|x64 = Release|x64
	EndGlobalSection
	GlobalSection(ProjectConfigurationPlatforms) = postSolution
		{C2A1F4B5-6D7E-4A8B-9C0D-1E2F3A4B5C6D}.Debug|x64.ActiveCfg = Debug|x64
		{C2A1F4B5-6D7E-4A8B-9C0D-1E2F3A4B5C6D}.Debug|x64.Build.0 = Debug|x64
		{C2A1F4B5-6D7E-4A8B-9C0D-1E2F3A4B5C6D}.Release|x64.ActiveCfg = Release|x64
		{C2A1F4B5-6D7E-4A8B-9C0D-1E2F3A4B5C6D}.Release|x64.Build.0 = Release|x64
	EndGlobalSection
	GlobalSection(SolutionProperties) = preSolution
		HideSolutionNode = FALSE
	EndGlobalSection
	GlobalSection(ExtensibilityGlobals) = postSolution
		SolutionGuid = {D4E5F6A7-8B9C-4D0E-A1B2-C3D4E5F6A7B8}
	EndGlobalSection
EndGlobal
